
Microsoft Visual Studio Solution File, Format Version 12.00
# Visual Studio Version 16
VisualStudioVersion = 16.0.30804.86
MinimumVisualStudioVersion = 10.0.40219.1
Project("{FAE04EC0-301F-11D3-BF4B-00C04F79EFBC}") = "PrenotazioniTicket", "PrenotazioniTicket\PrenotazioniTicket.csproj", "{148CD6FD-7850-4D96-9605-168D044D95CE}"
EndProject
Global
	GlobalSection(SolutionConfigurationPlatforms) = preSolution
		Debug|Any CPU = Debug|Any CPU
		Release|Any CPU = Release|Any CPU
	EndGlobalSection
	GlobalSection(ProjectConfigurationPlatforms) = postSolution
		{148CD6FD-7850-4D96-9605-168D044D95CE}.Debug|Any CPU.ActiveCfg = Debug|Any CPU
		{148CD6FD-7850-4D96-9605-168D044D95CE}.Debug|Any CPU.Build.0 = Debug|Any CPU
		{148CD6FD-7850-4D96-9605-168D044D95CE}.Release|Any CPU.ActiveCfg = Release|Any CPU
		{148CD6FD-7850-4D96-9605-168D044D95CE}.Release|Any CPU.Build.0 = Release|Any CPU
	EndGlobalSection
	GlobalSection(SolutionProperties) = preSolution
		HideSolutionNode = FALSE
	EndGlobalSection
	GlobalSection(ExtensibilityGlobals) = postSolution
		SolutionGuid = {3B187FD5-2CB2-42F9-8346-48A218BE9CCF}
	EndGlobalSection
EndGlobal
